
Microsoft Visual Studio Solution File, Format Version 12.00
# Visual Studio Version 16
VisualStudioVersion = 16.0.29806.167
MinimumVisualStudioVersion = 10.0.40219.1
Project("{2150E333-8FDC-42A3-9474-1A3956D46DE8}") = "src", "src", "{21014942-4253-4CBC-9EB9-E83F1458F673}"
EndProject
Project("{2150E333-8FDC-42A3-9474-1A3956D46DE8}") = "Services", "Services", "{5707535B-870A-46DF-9CF7-6C9D04BF3343}"
EndProject
Project("{2150E333-8FDC-42A3-9474-1A3956D46DE8}") = "CountryCatalog", "CountryCatalog", "{19E68DE5-C386-4908-AD5C-DB181CF8BA06}"
EndProject
Project("{9A19103F-16F7-4668-BE54-9A1E7A4F7556}") = "PrlyGrp.CountryCatalog.Infrastructure", "src\Services\CountryCatalog\PrlyGrp.CountryCatalog.Infrastructure\PrlyGrp.CountryCatalog.Infrastructure.csproj", "{1D571302-D66C-4592-8C6C-7E1F1B2FE328}"
EndProject
Project("{9A19103F-16F7-4668-BE54-9A1E7A4F7556}") = "PrlyGrp.CountryCatalog.ApplicationCore", "src\Services\CountryCatalog\PrlyGrp.CountryCatalog.ApplicationCore\PrlyGrp.CountryCatalog.ApplicationCore.csproj", "{6340F75C-017D-4029-B070-A5BD82D62CEE}"
EndProject
Project("{9A19103F-16F7-4668-BE54-9A1E7A4F7556}") = "PrlyGrp.CountryCatalog.WebMvc", "src\Services\CountryCatalog\PrlyGrp.CountryCatalog.WebMvc\PrlyGrp.CountryCatalog.WebMvc.csproj", "{BA2A1154-1864-49CE-91A8-487718F7E908}"
EndProject
Project("{9A19103F-16F7-4668-BE54-9A1E7A4F7556}") = "PrlyGrp.CountryCatalog.Api", "src\Services\CountryCatalog\PrlyGrp.CountryCatalog.Api\PrlyGrp.CountryCatalog.Api.csproj", "{9EEB052C-B06E-4F23-B050-46E624940F8C}"
EndProject
Project("{9A19103F-16F7-4668-BE54-9A1E7A4F7556}") = "PrlyGrp.CountryCatalog.WebMvcRzr", "src\Services\CountryCatalog\PrlyGrp.CountryCatalog.WebMvcRzr\PrlyGrp.CountryCatalog.WebMvcRzr.csproj", "{69154644-1B8C-45F8-870E-E7041098C9A7}"
EndProject
Global
	GlobalSection(SolutionConfigurationPlatforms) = preSolution
		Debug|Any CPU = Debug|Any CPU
		Release|Any CPU = Release|Any CPU
	EndGlobalSection
	GlobalSection(ProjectConfigurationPlatforms) = postSolution
		{1D571302-D66C-4592-8C6C-7E1F1B2FE328}.Debug|Any CPU.ActiveCfg = Debug|Any CPU
		{1D571302-D66C-4592-8C6C-7E1F1B2FE328}.Debug|Any CPU.Build.0 = Debug|Any CPU
		{1D571302-D66C-4592-8C6C-7E1F1B2FE328}.Release|Any CPU.ActiveCfg = Release|Any CPU
		{1D571302-D66C-4592-8C6C-7E1F1B2FE328}.Release|Any CPU.Build.0 = Release|Any CPU
		{6340F75C-017D-4029-B070-A5BD82D62CEE}.Debug|Any CPU.ActiveCfg = Debug|Any CPU
		{6340F75C-017D-4029-B070-A5BD82D62CEE}.Debug|Any CPU.Build.0 = Debug|Any CPU
		{6340F75C-017D-4029-B070-A5BD82D62CEE}.Release|Any CPU.ActiveCfg = Release|Any CPU
		{6340F75C-017D-4029-B070-A5BD82D62CEE}.Release|Any CPU.Build.0 = Release|Any CPU
		{BA2A1154-1864-49CE-91A8-487718F7E908}.Debug|Any CPU.ActiveCfg = Debug|Any CPU
		{BA2A1154-1864-49CE-91A8-487718F7E908}.Debug|Any CPU.Build.0 = Debug|Any CPU
		{BA2A1154-1864-49CE-91A8-487718F7E908}.Release|Any CPU.ActiveCfg = Release|Any CPU
		{BA2A1154-1864-49CE-91A8-487718F7E908}.Release|Any CPU.Build.0 = Release|Any CPU
		{9EEB052C-B06E-4F23-B050-46E624940F8C}.Debug|Any CPU.ActiveCfg = Debug|Any CPU
		{9EEB052C-B06E-4F23-B050-46E624940F8C}.Debug|Any CPU.Build.0 = Debug|Any CPU
		{9EEB052C-B06E-4F23-B050-46E624940F8C}.Release|Any CPU.ActiveCfg = Release|Any CPU
		{9EEB052C-B06E-4F23-B050-46E624940F8C}.Release|Any CPU.Build.0 = Release|Any CPU
		{69154644-1B8C-45F8-870E-E7041098C9A7}.Debug|Any CPU.ActiveCfg = Debug|Any CPU
		{69154644-1B8C-45F8-870E-E7041098C9A7}.Debug|Any CPU.Build.0 = Debug|Any CPU
		{69154644-1B8C-45F8-870E-E7041098C9A7}.Release|Any CPU.ActiveCfg = Release|Any CPU
		{69154644-1B8C-45F8-870E-E7041098C9A7}.Release|Any CPU.Build.0 = Release|Any CPU
	EndGlobalSection
	GlobalSection(SolutionProperties) = preSolution
		HideSolutionNode = FALSE
	EndGlobalSection
	GlobalSection(NestedProjects) = preSolution
		{5707535B-870A-46DF-9CF7-6C9D04BF3343} = {21014942-4253-4CBC-9EB9-E83F1458F673}
		{19E68DE5-C386-4908-AD5C-DB181CF8BA06} = {5707535B-870A-46DF-9CF7-6C9D04BF3343}
		{1D571302-D66C-4592-8C6C-7E1F1B2FE328} = {19E68DE5-C386-4908-AD5C-DB181CF8BA06}
		{6340F75C-017D-4029-B070-A5BD82D62CEE} = {19E68DE5-C386-4908-AD5C-DB181CF8BA06}
		{BA2A1154-1864-49CE-91A8-487718F7E908} = {19E68DE5-C386-4908-AD5C-DB181CF8BA06}
		{9EEB052C-B06E-4F23-B050-46E624940F8C} = {19E68DE5-C386-4908-AD5C-DB181CF8BA06}
		{69154644-1B8C-45F8-870E-E7041098C9A7} = {19E68DE5-C386-4908-AD5C-DB181CF8BA06}
	EndGlobalSection
	GlobalSection(ExtensibilityGlobals) = postSolution
		SolutionGuid = {6B9E2CF8-16B5-42CD-AF1D-78EB971B1475}
	EndGlobalSection
EndGlobal
